
Microsoft Visual Studio Solution File, Format Version 12.00
# Visual Studio Version 17
VisualStudioVersion = 17.5.002.0
MinimumVisualStudioVersion = 10.0.40219.1
Project("{2150E333-8FDC-42A3-9474-1A3956D46DE8}") = "csharp-prep", "csharp-prep", "{89BF8519-569C-419D-99DF-65637AB59E1C}"
EndProject
Project("{9A19103F-16F7-4668-BE54-9A1E7A4F7556}") = "Prep1", "csharp-prep\Prep1\Prep1.csproj", "{E8ADFB2A-EBDF-43F0-B49B-931053013C9A}"
EndProject
Project("{9A19103F-16F7-4668-BE54-9A1E7A4F7556}") = "Prep2", "csharp-prep\Prep2\Prep2.csproj", "{FD4BD21E-F97B-44BA-9162-7F4CA1651DA1}"
EndProject
Project("{9A19103F-16F7-4668-BE54-9A1E7A4F7556}") = "Prep3", "csharp-prep\Prep3\Prep3.csproj", "{9F1E5F91-6557-49C5-B7EF-44E8FF738356}"
EndProject
Project("{9A19103F-16F7-4668-BE54-9A1E7A4F7556}") = "Prep4", "csharp-prep\Prep4\Prep4.csproj", "{D1C95335-8237-4595-84A0-1139CAECD759}"
EndProject
Project("{9A19103F-16F7-4668-BE54-9A1E7A4F7556}") = "Prep5", "csharp-prep\Prep5\Prep5.csproj", "{649CDB78-A78C-4A6F-89ED-9DC133A1C8CB}"
EndProject
Project("{2150E333-8FDC-42A3-9474-1A3956D46DE8}") = "final", "final", "{6DF40A21-C0DB-4D6B-AE17-5D1EAE1079AA}"
EndProject
Project("{9A19103F-16F7-4668-BE54-9A1E7A4F7556}") = "FinalProject", "final\FinalProject\FinalProject.csproj", "{6A70EF17-85B2-4D5A-B441-6BA833EF8C3D}"
EndProject
Project("{9A19103F-16F7-4668-BE54-9A1E7A4F7556}") = "Foundation1", "final\Foundation1\Foundation1.csproj", "{D63174CF-9628-431A-9FD6-BA084C7BBCE3}"
EndProject
Project("{9A19103F-16F7-4668-BE54-9A1E7A4F7556}") = "Foundation2", "final\Foundation2\Foundation2.csproj", "{7CB73A4F-7D67-45C4-9E16-A2FB58899DE5}"
EndProject
Project("{9A19103F-16F7-4668-BE54-9A1E7A4F7556}") = "Foundation3", "final\Foundation3\Foundation3.csproj", "{D0451329-C123-4442-B192-971C4A32F6AD}"
EndProject
Project("{9A19103F-16F7-4668-BE54-9A1E7A4F7556}") = "Foundation4", "final\Foundation4\Foundation4.csproj", "{6363FEF6-D485-4F41-B50A-0C4B3800A0B7}"
EndProject
Project("{2150E333-8FDC-42A3-9474-1A3956D46DE8}") = "prepare", "prepare", "{D54CCEB3-58D2-4D08-A7F6-6F951E8B1DDE}"
EndProject
Project("{9A19103F-16F7-4668-BE54-9A1E7A4F7556}") = "Learning02", "prepare\Learning02\Learning02.csproj", "{C2F07DED-0755-4F15-A7D9-450A6C046973}"
EndProject
Project("{9A19103F-16F7-4668-BE54-9A1E7A4F7556}") = "Learning03", "prepare\Learning03\Learning03.csproj", "{7F37D069-3D63-459E-AADB-DDCA2CF8E562}"
EndProject
Project("{9A19103F-16F7-4668-BE54-9A1E7A4F7556}") = "Learning04", "prepare\Learning04\Learning04.csproj", "{4AE289A0-8640-4777-B832-DD6636F74C42}"
EndProject
Project("{9A19103F-16F7-4668-BE54-9A1E7A4F7556}") = "Learning05", "prepare\Learning05\Learning05.csproj", "{12C51BDC-A9C0-4FA9-964F-315015E4F8FF}"
EndProject
Project("{2150E333-8FDC-42A3-9474-1A3956D46DE8}") = "prove", "prove", "{8BE94496-B25B-4732-9EE8-44B7EA56EEC7}"
EndProject
Project("{9A19103F-16F7-4668-BE54-9A1E7A4F7556}") = "Develop02", "prove\Develop02\Develop02.csproj", "{A00CAF4A-B46E-453C-829B-AD1538737019}"
EndProject
Project("{9A19103F-16F7-4668-BE54-9A1E7A4F7556}") = "Develop03", "prove\Develop03\Develop03.csproj", "{F8786731-52A9-4FB4-9518-330077A63773}"
EndProject
Project("{9A19103F-16F7-4668-BE54-9A1E7A4F7556}") = "Develop04", "prove\Develop04\Develop04.csproj", "{B9135A90-CAB6-4C65-8F26-25E6A9CCDFEB}"
EndProject
Project("{9A19103F-16F7-4668-BE54-9A1E7A4F7556}") = "Develop05", "prove\Develop05\Develop05.csproj", "{2DF01DD5-627B-4E34-ADB8-CF0DD8416614}"
EndProject
Project("{2150E333-8FDC-42A3-9474-1A3956D46DE8}") = "sandbox", "sandbox", "{2BFB69F6-D609-493C-BC76-6ABF9EAEE830}"
EndProject
Project("{9A19103F-16F7-4668-BE54-9A1E7A4F7556}") = "Sandbox", "sandbox\Sandbox\Sandbox.csproj", "{848D1C58-A9F8-47A9-8C3B-BD06BA57D419}"
EndProject
Global
	GlobalSection(SolutionConfigurationPlatforms) = preSolution
		Debug|Any CPU = Debug|Any CPU
		Release|Any CPU = Release|Any CPU
	EndGlobalSection
	GlobalSection(ProjectConfigurationPlatforms) = postSolution
		{E8ADFB2A-EBDF-43F0-B49B-931053013C9A}.Debug|Any CPU.ActiveCfg = Debug|Any CPU
		{E8ADFB2A-EBDF-43F0-B49B-931053013C9A}.Debug|Any CPU.Build.0 = Debug|Any CPU
		{E8ADFB2A-EBDF-43F0-B49B-931053013C9A}.Release|Any CPU.ActiveCfg = Release|Any CPU
		{E8ADFB2A-EBDF-43F0-B49B-931053013C9A}.Release|Any CPU.Build.0 = Release|Any CPU
		{FD4BD21E-F97B-44BA-9162-7F4CA1651DA1}.Debug|Any CPU.ActiveCfg = Debug|Any CPU
		{FD4BD21E-F97B-44BA-9162-7F4CA1651DA1}.Debug|Any CPU.Build.0 = Debug|Any CPU
		{FD4BD21E-F97B-44BA-9162-7F4CA1651DA1}.Release|Any CPU.ActiveCfg = Release|Any CPU
		{FD4BD21E-F97B-44BA-9162-7F4CA1651DA1}.Release|Any CPU.Build.0 = Release|Any CPU
		{9F1E5F91-6557-49C5-B7EF-44E8FF738356}.Debug|Any CPU.ActiveCfg = Debug|Any CPU
		{9F1E5F91-6557-49C5-B7EF-44E8FF738356}.Debug|Any CPU.Build.0 = Debug|Any CPU
		{9F1E5F91-6557-49C5-B7EF-44E8FF738356}.Release|Any CPU.ActiveCfg = Release|Any CPU
		{9F1E5F91-6557-49C5-B7EF-44E8FF738356}.Release|Any CPU.Build.0 = Release|Any CPU
		{D1C95335-8237-4595-84A0-1139CAECD759}.Debug|Any CPU.ActiveCfg = Debug|Any CPU
		{D1C95335-8237-4595-84A0-1139CAECD759}.Debug|Any CPU.Build.0 = Debug|Any CPU
		{D1C95335-8237-4595-84A0-1139CAECD759}.Release|Any CPU.ActiveCfg = Release|Any CPU
		{D1C95335-8237-4595-84A0-1139CAECD759}.Release|Any CPU.Build.0 = Release|Any CPU
		{649CDB78-A78C-4A6F-89ED-9DC133A1C8CB}.Debug|Any CPU.ActiveCfg = Debug|Any CPU
		{649CDB78-A78C-4A6F-89ED-9DC133A1C8CB}.Debug|Any CPU.Build.0 = Debug|Any CPU
		{649CDB78-A78C-4A6F-89ED-9DC133A1C8CB}.Release|Any CPU.ActiveCfg = Release|Any CPU
		{649CDB78-A78C-4A6F-89ED-9DC133A1C8CB}.Release|Any CPU.Build.0 = Release|Any CPU
		{6A70EF17-85B2-4D5A-B441-6BA833EF8C3D}.Debug|Any CPU.ActiveCfg = Debug|Any CPU
		{6A70EF17-85B2-4D5A-B441-6BA833EF8C3D}.Debug|Any CPU.Build.0 = Debug|Any CPU
		{6A70EF17-85B2-4D5A-B441-6BA833EF8C3D}.Release|Any CPU.ActiveCfg = Release|Any CPU
		{6A70EF17-85B2-4D5A-B441-6BA833EF8C3D}.Release|Any CPU.Build.0 = Release|Any CPU
		{D63174CF-9628-431A-9FD6-BA084C7BBCE3}.Debug|Any CPU.ActiveCfg = Debug|Any CPU
		{D63174CF-9628-431A-9FD6-BA084C7BBCE3}.Debug|Any CPU.Build.0 = Debug|Any CPU
		{D63174CF-9628-431A-9FD6-BA084C7BBCE3}.Release|Any CPU.ActiveCfg = Release|Any CPU
		{D63174CF-9628-431A-9FD6-BA084C7BBCE3}.Release|Any CPU.Build.0 = Release|Any CPU
		{7CB73A4F-7D67-45C4-9E16-A2FB58899DE5}.Debug|Any CPU.ActiveCfg = Debug|Any CPU
		{7CB73A4F-7D67-45C4-9E16-A2FB58899DE5}.Debug|Any CPU.Build.0 = Debug|Any CPU
		{7CB73A4F-7D67-45C4-9E16-A2FB58899DE5}.Release|Any CPU.ActiveCfg = Release|Any CPU
		{7CB73A4F-7D67-45C4-9E16-A2FB58899DE5}.Release|Any CPU.Build.0 = Release|Any CPU
		{D0451329-C123-4442-B192-971C4A32F6AD}.Debug|Any CPU.ActiveCfg = Debug|Any CPU
		{D0451329-C123-4442-B192-971C4A32F6AD}.Debug|Any CPU.Build.0 = Debug|Any CPU
		{D0451329-C123-4442-B192-971C4A32F6AD}.Release|Any CPU.ActiveCfg = Release|Any CPU
		{D0451329-C123-4442-B192-971C4A32F6AD}.Release|Any CPU.Build.0 = Release|Any CPU
		{6363FEF6-D485-4F41-B50A-0C4B3800A0B7}.Debug|Any CPU.ActiveCfg = Debug|Any CPU
		{6363FEF6-D485-4F41-B50A-0C4B3800A0B7}.Debug|Any CPU.Build.0 = Debug|Any CPU
		{6363FEF6-D485-4F41-B50A-0C4B3800A0B7}.Release|Any CPU.ActiveCfg = Release|Any CPU
		{6363FEF6-D485-4F41-B50A-0C4B3800A0B7}.Release|Any CPU.Build.0 = Release|Any CPU
		{C2F07DED-0755-4F15-A7D9-450A6C046973}.Debug|Any CPU.ActiveCfg = Debug|Any CPU
		{C2F07DED-0755-4F15-A7D9-450A6C046973}.Debug|Any CPU.Build.0 = Debug|Any CPU
		{C2F07DED-0755-4F15-A7D9-450A6C046973}.Release|Any CPU.ActiveCfg = Release|Any CPU
		{C2F07DED-0755-4F15-A7D9-450A6C046973}.Release|Any CPU.Build.0 = Release|Any CPU
		{7F37D069-3D63-459E-AADB-DDCA2CF8E562}.Debug|Any CPU.ActiveCfg = Debug|Any CPU
		{7F37D069-3D63-459E-AADB-DDCA2CF8E562}.Debug|Any CPU.Build.0 = Debug|Any CPU
		{7F37D069-3D63-459E-AADB-DDCA2CF8E562}.Release|Any CPU.ActiveCfg = Release|Any CPU
		{7F37D069-3D63-459E-AADB-DDCA2CF8E562}.Release|Any CPU.Build.0 = Release|Any CPU
		{4AE289A0-8640-4777-B832-DD6636F74C42}.Debug|Any CPU.ActiveCfg = Debug|Any CPU
		{4AE289A0-8640-4777-B832-DD6636F74C42}.Debug|Any CPU.Build.0 = Debug|Any CPU
		{4AE289A0-8640-4777-B832-DD6636F74C42}.Release|Any CPU.ActiveCfg = Release|Any CPU
		{4AE289A0-8640-4777-B832-DD6636F74C42}.Release|Any CPU.Build.0 = Release|Any CPU
		{12C51BDC-A9C0-4FA9-964F-315015E4F8FF}.Debug|Any CPU.ActiveCfg = Debug|Any CPU
		{12C51BDC-A9C0-4FA9-964F-315015E4F8FF}.Debug|Any CPU.Build.0 = Debug|Any CPU
		{12C51BDC-A9C0-4FA9-964F-315015E4F8FF}.Release|Any CPU.ActiveCfg = Release|Any CPU
		{12C51BDC-A9C0-4FA9-964F-315015E4F8FF}.Release|Any CPU.Build.0 = Release|Any CPU
		{A00CAF4A-B46E-453C-829B-AD1538737019}.Debug|Any CPU.ActiveCfg = Debug|Any CPU
		{A00CAF4A-B46E-453C-829B-AD1538737019}.Debug|Any CPU.Build.0 = Debug|Any CPU
		{A00CAF4A-B46E-453C-829B-AD1538737019}.Release|Any CPU.ActiveCfg = Release|Any CPU
		{A00CAF4A-B46E-453C-829B-AD1538737019}.Release|Any CPU.Build.0 = Release|Any CPU
		{F8786731-52A9-4FB4-9518-330077A63773}.Debug|Any CPU.ActiveCfg = Debug|Any CPU
		{F8786731-52A9-4FB4-9518-330077A63773}.Debug|Any CPU.Build.0 = Debug|Any CPU
		{F8786731-52A9-4FB4-9518-330077A63773}.Release|Any CPU.ActiveCfg = Release|Any CPU
		{F8786731-52A9-4FB4-9518-330077A63773}.Release|Any CPU.Build.0 = Release|Any CPU
		{B9135A90-CAB6-4C65-8F26-25E6A9CCDFEB}.Debug|Any CPU.ActiveCfg = Debug|Any CPU
		{B9135A90-CAB6-4C65-8F26-25E6A9CCDFEB}.Debug|Any CPU.Build.0 = Debug|Any CPU
		{B9135A90-CAB6-4C65-8F26-25E6A9CCDFEB}.Release|Any CPU.ActiveCfg = Release|Any CPU
		{B9135A90-CAB6-4C65-8F26-25E6A9CCDFEB}.Release|Any CPU.Build.0 = Release|Any CPU
		{2DF01DD5-627B-4E34-ADB8-CF0DD8416614}.Debug|Any CPU.ActiveCfg = Debug|Any CPU
		{2DF01DD5-627B-4E34-ADB8-CF0DD8416614}.Debug|Any CPU.Build.0 = Debug|Any CPU
		{2DF01DD5-627B-4E34-ADB8-CF0DD8416614}.Release|Any CPU.ActiveCfg = Release|Any CPU
		{2DF01DD5-627B-4E34-ADB8-CF0DD8416614}.Release|Any CPU.Build.0 = Release|Any CPU
		{848D1C58-A9F8-47A9-8C3B-BD06BA57D419}.Debug|Any CPU.ActiveCfg = Debug|Any CPU
		{848D1C58-A9F8-47A9-8C3B-BD06BA57D419}.Debug|Any CPU.Build.0 = Debug|Any CPU
		{848D1C58-A9F8-47A9-8C3B-BD06BA57D419}.Release|Any CPU.ActiveCfg = Release|Any CPU
		{848D1C58-A9F8-47A9-8C3B-BD06BA57D419}.Release|Any CPU.Build.0 = Release|Any CPU
	EndGlobalSection
	GlobalSection(SolutionProperties) = preSolution
		HideSolutionNode = FALSE
	EndGlobalSection
	GlobalSection(NestedProjects) = preSolution
		{E8ADFB2A-EBDF-43F0-B49B-931053013C9A} = {89BF8519-569C-419D-99DF-65637AB59E1C}
		{FD4BD21E-F97B-44BA-9162-7F4CA1651DA1} = {89BF8519-569C-419D-99DF-65637AB59E1C}
		{9F1E5F91-6557-49C5-B7EF-44E8FF738356} = {89BF8519-569C-419D-99DF-65637AB59E1C}
		{D1C95335-8237-4595-84A0-1139CAECD759} = {89BF8519-569C-419D-99DF-65637AB59E1C}
		{649CDB78-A78C-4A6F-89ED-9DC133A1C8CB} = {89BF8519-569C-419D-99DF-65637AB59E1C}
		{6A70EF17-85B2-4D5A-B441-6BA833EF8C3D} = {6DF40A21-C0DB-4D6B-AE17-5D1EAE1079AA}
		{D63174CF-9628-431A-9FD6-BA084C7BBCE3} = {6DF40A21-C0DB-4D6B-AE17-5D1EAE1079AA}
		{7CB73A4F-7D67-45C4-9E16-A2FB58899DE5} = {6DF40A21-C0DB-4D6B-AE17-5D1EAE1079AA}
		{D0451329-C123-4442-B192-971C4A32F6AD} = {6DF40A21-C0DB-4D6B-AE17-5D1EAE1079AA}
		{6363FEF6-D485-4F41-B50A-0C4B3800A0B7} = {6DF40A21-C0DB-4D6B-AE17-5D1EAE1079AA}
		{C2F07DED-0755-4F15-A7D9-450A6C046973} = {D54CCEB3-58D2-4D08-A7F6-6F951E8B1DDE}
		{7F37D069-3D63-459E-AADB-DDCA2CF8E562} = {D54CCEB3-58D2-4D08-A7F6-6F951E8B1DDE}
		{4AE289A0-8640-4777-B832-DD6636F74C42} = {D54CCEB3-58D2-4D08-A7F6-6F951E8B1DDE}
		{12C51BDC-A9C0-4FA9-964F-315015E4F8FF} = {D54CCEB3-58D2-4D08-A7F6-6F951E8B1DDE}
		{A00CAF4A-B46E-453C-829B-AD1538737019} = {8BE94496-B25B-4732-9EE8-44B7EA56EEC7}
		{F8786731-52A9-4FB4-9518-330077A63773} = {8BE94496-B25B-4732-9EE8-44B7EA56EEC7}
		{B9135A90-CAB6-4C65-8F26-25E6A9CCDFEB} = {8BE94496-B25B-4732-9EE8-44B7EA56EEC7}
		{2DF01DD5-627B-4E34-ADB8-CF0DD8416614} = {8BE94496-B25B-4732-9EE8-44B7EA56EEC7}
		{848D1C58-A9F8-47A9-8C3B-BD06BA57D419} = {2BFB69F6-D609-493C-BC76-6ABF9EAEE830}
	EndGlobalSection
	GlobalSection(ExtensibilityGlobals) = postSolution
		SolutionGuid = {2A84AF14-643B-4E32-A4E7-5CB12D2D5E35}
	EndGlobalSection
EndGlobal
